lockfileVersion: '9.0'

settings:
  autoInstallPeers: true
  excludeLinksFromLockfile: false

importers:

  .:
    dependencies:
      dotenv:
        specifier: ^16.3.1
        version: 16.4.7
      liblibai:
        specifier: ^0.0.5
        version: 0.0.5

packages:

  dotenv@16.4.7:
    resolution: {integrity: sha512-47qPchRCykZC03FhkYAhrvwU4xDBFIj1QPqaarj6mdM/hgUzfPHcpkHJOn3mJAufFeeAxAzeGsr5X0M4k6fLZQ==}
    engines: {node: '>=12'}

  liblibai@0.0.5:
    resolution: {integrity: sha512-Dlo137zc7WJHZVAoW8TNPEoCqAVRpwM31A/OpHVVO4IUInNu49Ko6pthbXz7xtMAPnpreT8ANqZpDrrZPKTwgg==}
    engines: {node: '>=14.0.0'}

snapshots:

  dotenv@16.4.7: {}

  liblibai@0.0.5: {}
